
Microsoft Visual Studio Solution File, Format Version 12.00
# Visual Studio 15
VisualStudioVersion = 15.0.27130.2003
MinimumVisualStudioVersion = 10.0.40219.1
Project("{9A19103F-16F7-4668-BE54-9A1E7A4F7556}") = "Threax.AspNetCore.ExceptionFilter", "Threax.AspNetCore.ExceptionFilter\Threax.AspNetCore.ExceptionFilter.csproj", "{17D12AB0-24B5-4F4D-8184-711DCFC7BE39}"
EndProject
Global
	GlobalSection(SolutionConfigurationPlatforms) = preSolution
		Debug|Any CPU = Debug|Any CPU
		Release|Any CPU = Release|Any CPU
	EndGlobalSection
	GlobalSection(ProjectConfigurationPlatforms) = postSolution
		{17D12AB0-24B5-4F4D-8184-711DCFC7BE39}.Debug|Any CPU.ActiveCfg = Debug|Any CPU
		{17D12AB0-24B5-4F4D-8184-711DCFC7BE39}.Debug|Any CPU.Build.0 = Debug|Any CPU
		{17D12AB0-24B5-4F4D-8184-711DCFC7BE39}.Release|Any CPU.ActiveCfg = Release|Any CPU
		{17D12AB0-24B5-4F4D-8184-711DCFC7BE39}.Release|Any CPU.Build.0 = Release|Any CPU
	EndGlobalSection
	GlobalSection(SolutionProperties) = preSolution
		HideSolutionNode = FALSE
	EndGlobalSection
	GlobalSection(ExtensibilityGlobals) = postSolution
		SolutionGuid = {82E58C79-B951-4D9D-AB8A-1A019A2F08A0}
	EndGlobalSection
EndGlobal
